
Microsoft Visual Studio Solution File, Format Version 12.00
# Visual Studio Version 17
VisualStudioVersion = 17.8.34408.163
MinimumVisualStudioVersion = 10.0.40219.1
Project("{FAE04EC0-301F-11D3-BF4B-00C04F79EFBC}") = "myProject", "myProject.csproj", "{93B9365E-21D7-410E-820C-8D823C6DB964}"
EndProject
Global
	GlobalSection(SolutionConfigurationPlatforms) = preSolution
		Debug|Any CPU = Debug|Any CPU
		Release|Any CPU = Release|Any CPU
	EndGlobalSection
	GlobalSection(ProjectConfigurationPlatforms) = postSolution
		{93B9365E-21D7-410E-820C-8D823C6DB964}.Debug|Any CPU.ActiveCfg = Debug|Any CPU
		{93B9365E-21D7-410E-820C-8D823C6DB964}.Debug|Any CPU.Build.0 = Debug|Any CPU
		{93B9365E-21D7-410E-820C-8D823C6DB964}.Release|Any CPU.ActiveCfg = Release|Any CPU
		{93B9365E-21D7-410E-820C-8D823C6DB964}.Release|Any CPU.Build.0 = Release|Any CPU
	EndGlobalSection
	GlobalSection(SolutionProperties) = preSolution
		HideSolutionNode = FALSE
	EndGlobalSection
	GlobalSection(ExtensibilityGlobals) = postSolution
		SolutionGuid = {DE06212D-50D1-440E-824A-9D5DD075EE7B}
	EndGlobalSection
EndGlobal
